// !$*UTF8*$!
{
	archiveVersion = 1;
	classes = {
	};
	objectVersion = 50;
	objects = {

/* Begin PBXBuildFile section */
		0B423F66546F00D4BA9532E9 /* Pods_PhotoTimer.framework in Frameworks */ = {isa = PBXBuildFile; fileRef = 3D549095A67052CDD655588C /* Pods_PhotoTimer.framework */; };
		1CF5EBF6C4CB9ABFF18E92DD /* Pods_PhotoTimerTests.framework in Frameworks */ = {isa = PBXBuildFile; fileRef = 9DC8BDA351DC560E759C00CF /* Pods_PhotoTimerTests.framework */; };
		EA1941E420B3454400DA423F /* TimerConfig.swift in Sources */ = {isa = PBXBuildFile; fileRef = EA1941E320B3454400DA423F /* TimerConfig.swift */; };
		EA2477C7209F79C900E2A9DA /* AppDelegate.swift in Sources */ = {isa = PBXBuildFile; fileRef = EA2477C6209F79C900E2A9DA /* AppDelegate.swift */; };
		EA2477CC209F79C900E2A9DA /* Main.storyboard in Resources */ = {isa = PBXBuildFile; fileRef = EA2477CA209F79C900E2A9DA /* Main.storyboard */; };
		EA2477CE209F79CB00E2A9DA /* Assets.xcassets in Resources */ = {isa = PBXBuildFile; fileRef = EA2477CD209F79CB00E2A9DA /* Assets.xcassets */; };
		EA2477D1209F79CB00E2A9DA /* LaunchScreen.storyboard in Resources */ = {isa = PBXBuildFile; fileRef = EA2477CF209F79CB00E2A9DA /* LaunchScreen.storyboard */; };
		EA2477DC209F79CB00E2A9DA /* PhotoTimerTests.swift in Sources */ = {isa = PBXBuildFile; fileRef = EA2477DB209F79CB00E2A9DA /* PhotoTimerTests.swift */; };
		EA2477EA209F870400E2A9DA /* TimerViewController.swift in Sources */ = {isa = PBXBuildFile; fileRef = EA2477E9209F870400E2A9DA /* TimerViewController.swift */; };
		EA2FB25220A3012C0058AAA2 /* CircularProgressBar.swift in Sources */ = {isa = PBXBuildFile; fileRef = EA2FB25120A3012C0058AAA2 /* CircularProgressBar.swift */; };
		EA2FB27420A4B0120058AAA2 /* GuideView.swift in Sources */ = {isa = PBXBuildFile; fileRef = EA2FB27320A4B0120058AAA2 /* GuideView.swift */; };
		EA2FB27620A4C84E0058AAA2 /* GuideViewController.swift in Sources */ = {isa = PBXBuildFile; fileRef = EA2FB27520A4C84E0058AAA2 /* GuideViewController.swift */; };
		EA62045F20BDC30B00874123 /* SF-Pro-Display-Thin.otf in Resources */ = {isa = PBXBuildFile; fileRef = EA62044120BDC30B00874123 /* SF-Pro-Display-Thin.otf */; };
		EA62046020BDC30B00874123 /* SF-Pro-Display-SemiboldItalic.otf in Resources */ = {isa = PBXBuildFile; fileRef = EA62044220BDC30B00874123 /* SF-Pro-Display-SemiboldItalic.otf */; };
		EA62046120BDC30B00874123 /* SF-Pro-Text-Heavy.otf in Resources */ = {isa = PBXBuildFile; fileRef = EA62044320BDC30B00874123 /* SF-Pro-Text-Heavy.otf */; };
		EA62046220BDC30B00874123 /* SF-Pro-Display-RegularItalic.otf in Resources */ = {isa = PBXBuildFile; fileRef = EA62044420BDC30B00874123 /* SF-Pro-Display-RegularItalic.otf */; };
		EA62046320BDC30B00874123 /* SF-Pro-Display-Light.otf in Resources */ = {isa = PBXBuildFile; fileRef = EA62044520BDC30B00874123 /* SF-Pro-Display-Light.otf */; };
		EA62046420BDC30B00874123 /* SF-Pro-Display-Regular.otf in Resources */ = {isa = PBXBuildFile; fileRef = EA62044620BDC30B00874123 /* SF-Pro-Display-Regular.otf */; };
		EA62046520BDC30B00874123 /* SF-Pro-Text-MediumItalic.otf in Resources */ = {isa = PBXBuildFile; fileRef = EA62044720BDC30B00874123 /* SF-Pro-Text-MediumItalic.otf */; };
		EA62046620BDC30B00874123 /* SF-Pro-Display-Bold.otf in Resources */ = {isa = PBXBuildFile; fileRef = EA62044820BDC30B00874123 /* SF-Pro-Display-Bold.otf */; };
		EA62046720BDC30B00874123 /* SF-Pro-Display-Medium.otf in Resources */ = {isa = PBXBuildFile; fileRef = EA62044920BDC30B00874123 /* SF-Pro-Display-Medium.otf */; };
		EA62046820BDC30B00874123 /* SF-Pro-Display-Heavy.otf in Resources */ = {isa = PBXBuildFile; fileRef = EA62044A20BDC30B00874123 /* SF-Pro-Display-Heavy.otf */; };
		EA62046920BDC30B00874123 /* SF-Pro-Text-Light.otf in Resources */ = {isa = PBXBuildFile; fileRef = EA62044B20BDC30B00874123 /* SF-Pro-Text-Light.otf */; };
		EA62046A20BDC30B00874123 /* SF-Pro-Display-Semibold.otf in Resources */ = {isa = PBXBuildFile; fileRef = EA62044C20BDC30B00874123 /* SF-Pro-Display-Semibold.otf */; };
		EA62046B20BDC30B00874123 /* SF-Pro-Text-Regular.otf in Resources */ = {isa = PBXBuildFile; fileRef = EA62044D20BDC30B00874123 /* SF-Pro-Text-Regular.otf */; };
		EA62046C20BDC30B00874123 /* SF-Pro-Text-Bold.otf in Resources */ = {isa = PBXBuildFile; fileRef = EA62044E20BDC30B00874123 /* SF-Pro-Text-Bold.otf */; };
		EA62046D20BDC30B00874123 /* SF-Pro-Display-MediumItalic.otf in Resources */ = {isa = PBXBuildFile; fileRef = EA62044F20BDC30B00874123 /* SF-Pro-Display-MediumItalic.otf */; };
		EA62046E20BDC30B00874123 /* SF-Pro-Display-HeavyItalic.otf in Resources */ = {isa = PBXBuildFile; fileRef = EA62045020BDC30B00874123 /* SF-Pro-Display-HeavyItalic.otf */; };
		EA62046F20BDC30B00874123 /* SF-Pro-Display-Ultralight.otf in Resources */ = {isa = PBXBuildFile; fileRef = EA62045120BDC30B00874123 /* SF-Pro-Display-Ultralight.otf */; };
		EA62047020BDC30B00874123 /* SF-Pro-Display-UltralightItalic.otf in Resources */ = {isa = PBXBuildFile; fileRef = EA62045220BDC30B00874123 /* SF-Pro-Display-UltralightItalic.otf */; };
		EA62047120BDC30B00874123 /* SF-Pro-Display-LightItalic.otf in Resources */ = {isa = PBXBuildFile; fileRef = EA62045320BDC30B00874123 /* SF-Pro-Display-LightItalic.otf */; };
		EA62047220BDC30B00874123 /* SF-Pro-Display-BlackItalic.otf in Resources */ = {isa = PBXBuildFile; fileRef = EA62045420BDC30B00874123 /* SF-Pro-Display-BlackItalic.otf */; };
		EA62047320BDC30B00874123 /* SF-Pro-Display-Black.otf in Resources */ = {isa = PBXBuildFile; fileRef = EA62045520BDC30B00874123 /* SF-Pro-Display-Black.otf */; };
		EA62047420BDC30B00874123 /* SF-Pro-Text-BoldItalic.otf in Resources */ = {isa = PBXBuildFile; fileRef = EA62045620BDC30B00874123 /* SF-Pro-Text-BoldItalic.otf */; };
		EA62047520BDC30B00874123 /* SF-Pro-Text-RegularItalic.otf in Resources */ = {isa = PBXBuildFile; fileRef = EA62045720BDC30B00874123 /* SF-Pro-Text-RegularItalic.otf */; };
		EA62047620BDC30B00874123 /* SF-Pro-Text-Semibold.otf in Resources */ = {isa = PBXBuildFile; fileRef = EA62045820BDC30B00874123 /* SF-Pro-Text-Semibold.otf */; };
		EA62047720BDC30B00874123 /* SF-Pro-Text-HeavyItalic.otf in Resources */ = {isa = PBXBuildFile; fileRef = EA62045920BDC30B00874123 /* SF-Pro-Text-HeavyItalic.otf */; };
		EA62047820BDC30B00874123 /* SF-Pro-Display-ThinItalic.otf in Resources */ = {isa = PBXBuildFile; fileRef = EA62045A20BDC30B00874123 /* SF-Pro-Display-ThinItalic.otf */; };
		EA62047920BDC30B00874123 /* SF-Pro-Text-LightItalic.otf in Resources */ = {isa = PBXBuildFile; fileRef = EA62045B20BDC30B00874123 /* SF-Pro-Text-LightItalic.otf */; };
		EA62047A20BDC30B00874123 /* SF-Pro-Text-Medium.otf in Resources */ = {isa = PBXBuildFile; fileRef = EA62045C20BDC30B00874123 /* SF-Pro-Text-Medium.otf */; };
		EA62047B20BDC30B00874123 /* SF-Pro-Display-BoldItalic.otf in Resources */ = {isa = PBXBuildFile; fileRef = EA62045D20BDC30B00874123 /* SF-Pro-Display-BoldItalic.otf */; };
		EA62047C20BDC30B00874123 /* SF-Pro-Text-SemiboldItalic.otf in Resources */ = {isa = PBXBuildFile; fileRef = EA62045E20BDC30B00874123 /* SF-Pro-Text-SemiboldItalic.otf */; };
		EA76799620AF8B44005E4F88 /* DataBaseViewController.swift in Sources */ = {isa = PBXBuildFile; fileRef = EA76799520AF8B44005E4F88 /* DataBaseViewController.swift */; };
		EA76799820AF8B66005E4F88 /* DataBaseTableViewCell.swift in Sources */ = {isa = PBXBuildFile; fileRef = EA76799720AF8B66005E4F88 /* DataBaseTableViewCell.swift */; };
		EA79BFA420D593BC0068F6FB /* PTLoadFilmsToDB.swift in Sources */ = {isa = PBXBuildFile; fileRef = EA79BFA320D593BC0068F6FB /* PTLoadFilmsToDB.swift */; };
		EA79BFA620D5B4E20068F6FB /* PTRealmDatabase.swift in Sources */ = {isa = PBXBuildFile; fileRef = EA79BFA520D5B4E20068F6FB /* PTRealmDatabase.swift */; };
		EA876F9520D40ED100097EDD /* DBNavigationViewController.swift in Sources */ = {isa = PBXBuildFile; fileRef = EA876F9420D40ED100097EDD /* DBNavigationViewController.swift */; };
		EA8A713720E21585005BF40E /* Extensions.swift in Sources */ = {isa = PBXBuildFile; fileRef = EA8A713620E21585005BF40E /* Extensions.swift */; };
		EABBA71520D68D9A00AFB6F9 /* Film.swift in Sources */ = {isa = PBXBuildFile; fileRef = EABBA71420D68D9A00AFB6F9 /* Film.swift */; };
		EABBA71720D68DE700AFB6F9 /* Developers.swift in Sources */ = {isa = PBXBuildFile; fileRef = EABBA71620D68DE700AFB6F9 /* Developers.swift */; };
		EABBA71920D68E1400AFB6F9 /* DevProperties.swift in Sources */ = {isa = PBXBuildFile; fileRef = EABBA71820D68E1400AFB6F9 /* DevProperties.swift */; };
		EABDE7DD20AB34BB0072489A /* ConfiguratorViewController.swift in Sources */ = {isa = PBXBuildFile; fileRef = EABDE7DC20AB34BB0072489A /* ConfiguratorViewController.swift */; };
		EABDE7DF20AB42C80072489A /* ConfiguratorLabelTableViewCell.swift in Sources */ = {isa = PBXBuildFile; fileRef = EABDE7DE20AB42C80072489A /* ConfiguratorLabelTableViewCell.swift */; };
		EABDE7E120AC64930072489A /* SetTimeViewController.swift in Sources */ = {isa = PBXBuildFile; fileRef = EABDE7E020AC64930072489A /* SetTimeViewController.swift */; };
		EABDE7E320ACCD0F0072489A /* SetTimeTableViewCell.swift in Sources */ = {isa = PBXBuildFile; fileRef = EABDE7E220ACCD0F0072489A /* SetTimeTableViewCell.swift */; };
		EAD24A7820D4E2D200EB6452 /* filmsDatabase.json in Resources */ = {isa = PBXBuildFile; fileRef = EAD24A7720D4E2D200EB6452 /* filmsDatabase.json */; };
		EAEF931620CAFC4300741DF2 /* DataBaseConstructorCell.swift in Sources */ = {isa = PBXBuildFile; fileRef = EAEF931520CAFC4300741DF2 /* DataBaseConstructorCell.swift */; };
		EAEF931D20CC294800741DF2 /* ChooseFilmViewController.swift in Sources */ = {isa = PBXBuildFile; fileRef = EAEF931C20CC294800741DF2 /* ChooseFilmViewController.swift */; };
		EAEF931F20CC29C000741DF2 /* ChooseFilmTableViewCell.swift in Sources */ = {isa = PBXBuildFile; fileRef = EAEF931E20CC29C000741DF2 /* ChooseFilmTableViewCell.swift */; };
		EAEF932120CD01A400741DF2 /* ChooseDeveloperViewController.swift in Sources */ = {isa = PBXBuildFile; fileRef = EAEF932020CD01A400741DF2 /* ChooseDeveloperViewController.swift */; };
		EAEF932320CD01C300741DF2 /* ChooseDeveloperTableViewCell.swift in Sources */ = {isa = PBXBuildFile; fileRef = EAEF932220CD01C300741DF2 /* ChooseDeveloperTableViewCell.swift */; };
		EAEF932520CD0E9F00741DF2 /* ChooseISOViewController.swift in Sources */ = {isa = PBXBuildFile; fileRef = EAEF932420CD0E9F00741DF2 /* ChooseISOViewController.swift */; };
		EAEF932720CD0EB500741DF2 /* ChooseISOTableViewCell.swift in Sources */ = {isa = PBXBuildFile; fileRef = EAEF932620CD0EB500741DF2 /* ChooseISOTableViewCell.swift */; };
		EAFE7F9F20B7DBB300D13EEE /* ConfiguratorTextFieldCell.swift in Sources */ = {isa = PBXBuildFile; fileRef = EAFE7F9E20B7DBB300D13EEE /* ConfiguratorTextFieldCell.swift */; };
/* End PBXBuildFile section */

/* Begin PBXContainerItemProxy section */
		EA2477D8209F79CB00E2A9DA /* PBXContainerItemProxy */ = {
			isa = PBXContainerItemProxy;
			containerPortal = EA2477BB209F79C800E2A9DA /* Project object */;
			proxyType = 1;
			remoteGlobalIDString = EA2477C2209F79C800E2A9DA;
			remoteInfo = PhotoTimer;
		};
/* End PBXContainerItemProxy section */

/* Begin PBXFileReference section */
		2565D6F814A487B7820584C3 /* Pods-PhotoTimerTests.release.xcconfig */ = {isa = PBXFileReference; includeInIndex = 1; lastKnownFileType = text.xcconfig; name = "Pods-PhotoTimerTests.release.xcconfig"; path = "Pods/Target Support Files/Pods-PhotoTimerTests/Pods-PhotoTimerTests.release.xcconfig"; sourceTree = "<group>"; };
		3D549095A67052CDD655588C /* Pods_PhotoTimer.framework */ = {isa = PBXFileReference; explicitFileType = wrapper.framework; includeInIndex = 0; path = Pods_PhotoTimer.framework; sourceTree = BUILT_PRODUCTS_DIR; };
		4FFEFF65F4370F5CA39DE26B /* Pods-PhotoTimerTests.debug.xcconfig */ = {isa = PBXFileReference; includeInIndex = 1; lastKnownFileType = text.xcconfig; name = "Pods-PhotoTimerTests.debug.xcconfig"; path = "Pods/Target Support Files/Pods-PhotoTimerTests/Pods-PhotoTimerTests.debug.xcconfig"; sourceTree = "<group>"; };
		9DC8BDA351DC560E759C00CF /* Pods_PhotoTimerTests.framework */ = {isa = PBXFileReference; explicitFileType = wrapper.framework; includeInIndex = 0; path = Pods_PhotoTimerTests.framework; sourceTree = BUILT_PRODUCTS_DIR; };
		C2F53CEA827FAE009EA1371E /* Pods-PhotoTimer.debug.xcconfig */ = {isa = PBXFileReference; includeInIndex = 1; lastKnownFileType = text.xcconfig; name = "Pods-PhotoTimer.debug.xcconfig"; path = "Pods/Target Support Files/Pods-PhotoTimer/Pods-PhotoTimer.debug.xcconfig"; sourceTree = "<group>"; };
		D5614AD74DF93DB0D3047434 /* Pods-PhotoTimer.release.xcconfig */ = {isa = PBXFileReference; includeInIndex = 1; lastKnownFileType = text.xcconfig; name = "Pods-PhotoTimer.release.xcconfig"; path = "Pods/Target Support Files/Pods-PhotoTimer/Pods-PhotoTimer.release.xcconfig"; sourceTree = "<group>"; };
		EA1941E320B3454400DA423F /* TimerConfig.swift */ = {isa = PBXFileReference; lastKnownFileType = sourcecode.swift; path = TimerConfig.swift; sourceTree = "<group>"; };
		EA2477C3209F79C800E2A9DA /* PhotoTimer.app */ = {isa = PBXFileReference; explicitFileType = wrapper.application; includeInIndex = 0; path = PhotoTimer.app; sourceTree = BUILT_PRODUCTS_DIR; };
		EA2477C6209F79C900E2A9DA /* AppDelegate.swift */ = {isa = PBXFileReference; lastKnownFileType = sourcecode.swift; path = AppDelegate.swift; sourceTree = "<group>"; };
		EA2477CB209F79C900E2A9DA /* Base */ = {isa = PBXFileReference; lastKnownFileType = file.storyboard; name = Base; path = Base.lproj/Main.storyboard; sourceTree = "<group>"; };
		EA2477CD209F79CB00E2A9DA /* Assets.xcassets */ = {isa = PBXFileReference; lastKnownFileType = folder.assetcatalog; path = Assets.xcassets; sourceTree = "<group>"; };
		EA2477D0209F79CB00E2A9DA /* Base */ = {isa = PBXFileReference; lastKnownFileType = file.storyboard; name = Base; path = Base.lproj/LaunchScreen.storyboard; sourceTree = "<group>"; };
		EA2477D2209F79CB00E2A9DA /* Info.plist */ = {isa = PBXFileReference; lastKnownFileType = text.plist.xml; path = Info.plist; sourceTree = "<group>"; };
		EA2477D7209F79CB00E2A9DA /* PhotoTimerTests.xctest */ = {isa = PBXFileReference; explicitFileType = wrapper.cfbundle; includeInIndex = 0; path = PhotoTimerTests.xctest; sourceTree = BUILT_PRODUCTS_DIR; };
		EA2477DB209F79CB00E2A9DA /* PhotoTimerTests.swift */ = {isa = PBXFileReference; lastKnownFileType = sourcecode.swift; path = PhotoTimerTests.swift; sourceTree = "<group>"; };
		EA2477DD209F79CB00E2A9DA /* Info.plist */ = {isa = PBXFileReference; lastKnownFileType = text.plist.xml; path = Info.plist; sourceTree = "<group>"; };
		EA2477E9209F870400E2A9DA /* TimerViewController.swift */ = {isa = PBXFileReference; lastKnownFileType = sourcecode.swift; path = TimerViewController.swift; sourceTree = "<group>"; };
		EA2FB25120A3012C0058AAA2 /* CircularProgressBar.swift */ = {isa = PBXFileReference; lastKnownFileType = sourcecode.swift; path = CircularProgressBar.swift; sourceTree = "<group>"; };
		EA2FB27320A4B0120058AAA2 /* GuideView.swift */ = {isa = PBXFileReference; lastKnownFileType = sourcecode.swift; path = GuideView.swift; sourceTree = "<group>"; };
		EA2FB27520A4C84E0058AAA2 /* GuideViewController.swift */ = {isa = PBXFileReference; lastKnownFileType = sourcecode.swift; path = GuideViewController.swift; sourceTree = "<group>"; };
		EA62044120BDC30B00874123 /* SF-Pro-Display-Thin.otf */ = {isa = PBXFileReference; lastKnownFileType = file; path = "SF-Pro-Display-Thin.otf"; sourceTree = "<group>"; };
		EA62044220BDC30B00874123 /* SF-Pro-Display-SemiboldItalic.otf */ = {isa = PBXFileReference; lastKnownFileType = file; path = "SF-Pro-Display-SemiboldItalic.otf"; sourceTree = "<group>"; };
		EA62044320BDC30B00874123 /* SF-Pro-Text-Heavy.otf */ = {isa = PBXFileReference; lastKnownFileType = file; path = "SF-Pro-Text-Heavy.otf"; sourceTree = "<group>"; };
		EA62044420BDC30B00874123 /* SF-Pro-Display-RegularItalic.otf */ = {isa = PBXFileReference; lastKnownFileType = file; path = "SF-Pro-Display-RegularItalic.otf"; sourceTree = "<group>"; };
		EA62044520BDC30B00874123 /* SF-Pro-Display-Light.otf */ = {isa = PBXFileReference; lastKnownFileType = file; path = "SF-Pro-Display-Light.otf"; sourceTree = "<group>"; };
		EA62044620BDC30B00874123 /* SF-Pro-Display-Regular.otf */ = {isa = PBXFileReference; lastKnownFileType = file; path = "SF-Pro-Display-Regular.otf"; sourceTree = "<group>"; };
		EA62044720BDC30B00874123 /* SF-Pro-Text-MediumItalic.otf */ = {isa = PBXFileReference; lastKnownFileType = file; path = "SF-Pro-Text-MediumItalic.otf"; sourceTree = "<group>"; };
		EA62044820BDC30B00874123 /* SF-Pro-Display-Bold.otf */ = {isa = PBXFileReference; lastKnownFileType = file; path = "SF-Pro-Display-Bold.otf"; sourceTree = "<group>"; };
		EA62044920BDC30B00874123 /* SF-Pro-Display-Medium.otf */ = {isa = PBXFileReference; lastKnownFileType = file; path = "SF-Pro-Display-Medium.otf"; sourceTree = "<group>"; };
		EA62044A20BDC30B00874123 /* SF-Pro-Display-Heavy.otf */ = {isa = PBXFileReference; lastKnownFileType = file; path = "SF-Pro-Display-Heavy.otf"; sourceTree = "<group>"; };
		EA62044B20BDC30B00874123 /* SF-Pro-Text-Light.otf */ = {isa = PBXFileReference; lastKnownFileType = file; path = "SF-Pro-Text-Light.otf"; sourceTree = "<group>"; };
		EA62044C20BDC30B00874123 /* SF-Pro-Display-Semibold.otf */ = {isa = PBXFileReference; lastKnownFileType = file; path = "SF-Pro-Display-Semibold.otf"; sourceTree = "<group>"; };
		EA62044D20BDC30B00874123 /* SF-Pro-Text-Regular.otf */ = {isa = PBXFileReference; lastKnownFileType = file; path = "SF-Pro-Text-Regular.otf"; sourceTree = "<group>"; };
		EA62044E20BDC30B00874123 /* SF-Pro-Text-Bold.otf */ = {isa = PBXFileReference; lastKnownFileType = file; path = "SF-Pro-Text-Bold.otf"; sourceTree = "<group>"; };
		EA62044F20BDC30B00874123 /* SF-Pro-Display-MediumItalic.otf */ = {isa = PBXFileReference; lastKnownFileType = file; path = "SF-Pro-Display-MediumItalic.otf"; sourceTree = "<group>"; };
		EA62045020BDC30B00874123 /* SF-Pro-Display-HeavyItalic.otf */ = {isa = PBXFileReference; lastKnownFileType = file; path = "SF-Pro-Display-HeavyItalic.otf"; sourceTree = "<group>"; };
		EA62045120BDC30B00874123 /* SF-Pro-Display-Ultralight.otf */ = {isa = PBXFileReference; lastKnownFileType = file; path = "SF-Pro-Display-Ultralight.otf"; sourceTree = "<group>"; };
		EA62045220BDC30B00874123 /* SF-Pro-Display-UltralightItalic.otf */ = {isa = PBXFileReference; lastKnownFileType = file; path = "SF-Pro-Display-UltralightItalic.otf"; sourceTree = "<group>"; };
		EA62045320BDC30B00874123 /* SF-Pro-Display-LightItalic.otf */ = {isa = PBXFileReference; lastKnownFileType = file; path = "SF-Pro-Display-LightItalic.otf"; sourceTree = "<group>"; };
		EA62045420BDC30B00874123 /* SF-Pro-Display-BlackItalic.otf */ = {isa = PBXFileReference; lastKnownFileType = file; path = "SF-Pro-Display-BlackItalic.otf"; sourceTree = "<group>"; };
		EA62045520BDC30B00874123 /* SF-Pro-Display-Black.otf */ = {isa = PBXFileReference; lastKnownFileType = file; path = "SF-Pro-Display-Black.otf"; sourceTree = "<group>"; };
		EA62045620BDC30B00874123 /* SF-Pro-Text-BoldItalic.otf */ = {isa = PBXFileReference; lastKnownFileType = file; path = "SF-Pro-Text-BoldItalic.otf"; sourceTree = "<group>"; };
		EA62045720BDC30B00874123 /* SF-Pro-Text-RegularItalic.otf */ = {isa = PBXFileReference; lastKnownFileType = file; path = "SF-Pro-Text-RegularItalic.otf"; sourceTree = "<group>"; };
		EA62045820BDC30B00874123 /* SF-Pro-Text-Semibold.otf */ = {isa = PBXFileReference; lastKnownFileType = file; path = "SF-Pro-Text-Semibold.otf"; sourceTree = "<group>"; };
		EA62045920BDC30B00874123 /* SF-Pro-Text-HeavyItalic.otf */ = {isa = PBXFileReference; lastKnownFileType = file; path = "SF-Pro-Text-HeavyItalic.otf"; sourceTree = "<group>"; };
		EA62045A20BDC30B00874123 /* SF-Pro-Display-ThinItalic.otf */ = {isa = PBXFileReference; lastKnownFileType = file; path = "SF-Pro-Display-ThinItalic.otf"; sourceTree = "<group>"; };
		EA62045B20BDC30B00874123 /* SF-Pro-Text-LightItalic.otf */ = {isa = PBXFileReference; lastKnownFileType = file; path = "SF-Pro-Text-LightItalic.otf"; sourceTree = "<group>"; };
		EA62045C20BDC30B00874123 /* SF-Pro-Text-Medium.otf */ = {isa = PBXFileReference; lastKnownFileType = file; path = "SF-Pro-Text-Medium.otf"; sourceTree = "<group>"; };
		EA62045D20BDC30B00874123 /* SF-Pro-Display-BoldItalic.otf */ = {isa = PBXFileReference; lastKnownFileType = file; path = "SF-Pro-Display-BoldItalic.otf"; sourceTree = "<group>"; };
		EA62045E20BDC30B00874123 /* SF-Pro-Text-SemiboldItalic.otf */ = {isa = PBXFileReference; lastKnownFileType = file; path = "SF-Pro-Text-SemiboldItalic.otf"; sourceTree = "<group>"; };
		EA76799520AF8B44005E4F88 /* DataBaseViewController.swift */ = {isa = PBXFileReference; lastKnownFileType = sourcecode.swift; path = DataBaseViewController.swift; sourceTree = "<group>"; };
		EA76799720AF8B66005E4F88 /* DataBaseTableViewCell.swift */ = {isa = PBXFileReference; lastKnownFileType = sourcecode.swift; path = DataBaseTableViewCell.swift; sourceTree = "<group>"; };
		EA79BFA320D593BC0068F6FB /* PTLoadFilmsToDB.swift */ = {isa = PBXFileReference; lastKnownFileType = sourcecode.swift; path = PTLoadFilmsToDB.swift; sourceTree = "<group>"; };
		EA79BFA520D5B4E20068F6FB /* PTRealmDatabase.swift */ = {isa = PBXFileReference; lastKnownFileType = sourcecode.swift; path = PTRealmDatabase.swift; sourceTree = "<group>"; };
		EA876F9420D40ED100097EDD /* DBNavigationViewController.swift */ = {isa = PBXFileReference; lastKnownFileType = sourcecode.swift; path = DBNavigationViewController.swift; sourceTree = "<group>"; };
		EA8A713620E21585005BF40E /* Extensions.swift */ = {isa = PBXFileReference; lastKnownFileType = sourcecode.swift; path = Extensions.swift; sourceTree = "<group>"; };
		EABBA71420D68D9A00AFB6F9 /* Film.swift */ = {isa = PBXFileReference; lastKnownFileType = sourcecode.swift; path = Film.swift; sourceTree = "<group>"; };
		EABBA71620D68DE700AFB6F9 /* Developers.swift */ = {isa = PBXFileReference; lastKnownFileType = sourcecode.swift; path = Developers.swift; sourceTree = "<group>"; };
		EABBA71820D68E1400AFB6F9 /* DevProperties.swift */ = {isa = PBXFileReference; lastKnownFileType = sourcecode.swift; path = DevProperties.swift; sourceTree = "<group>"; };
		EABDE7DC20AB34BB0072489A /* ConfiguratorViewController.swift */ = {isa = PBXFileReference; lastKnownFileType = sourcecode.swift; path = ConfiguratorViewController.swift; sourceTree = "<group>"; };
		EABDE7DE20AB42C80072489A /* ConfiguratorLabelTableViewCell.swift */ = {isa = PBXFileReference; lastKnownFileType = sourcecode.swift; path = ConfiguratorLabelTableViewCell.swift; sourceTree = "<group>"; };
		EABDE7E020AC64930072489A /* SetTimeViewController.swift */ = {isa = PBXFileReference; lastKnownFileType = sourcecode.swift; path = SetTimeViewController.swift; sourceTree = "<group>"; };
		EABDE7E220ACCD0F0072489A /* SetTimeTableViewCell.swift */ = {isa = PBXFileReference; lastKnownFileType = sourcecode.swift; path = SetTimeTableViewCell.swift; sourceTree = "<group>"; };
		EAD24A7720D4E2D200EB6452 /* filmsDatabase.json */ = {isa = PBXFileReference; fileEncoding = 4; lastKnownFileType = text.json; path = filmsDatabase.json; sourceTree = "<group>"; };
		EAEF931520CAFC4300741DF2 /* DataBaseConstructorCell.swift */ = {isa = PBXFileReference; lastKnownFileType = sourcecode.swift; path = DataBaseConstructorCell.swift; sourceTree = "<group>"; };
		EAEF931C20CC294800741DF2 /* ChooseFilmViewController.swift */ = {isa = PBXFileReference; lastKnownFileType = sourcecode.swift; path = ChooseFilmViewController.swift; sourceTree = "<group>"; };
		EAEF931E20CC29C000741DF2 /* ChooseFilmTableViewCell.swift */ = {isa = PBXFileReference; lastKnownFileType = sourcecode.swift; path = ChooseFilmTableViewCell.swift; sourceTree = "<group>"; };
		EAEF932020CD01A400741DF2 /* ChooseDeveloperViewController.swift */ = {isa = PBXFileReference; lastKnownFileType = sourcecode.swift; path = ChooseDeveloperViewController.swift; sourceTree = "<group>"; };
		EAEF932220CD01C300741DF2 /* ChooseDeveloperTableViewCell.swift */ = {isa = PBXFileReference; lastKnownFileType = sourcecode.swift; path = ChooseDeveloperTableViewCell.swift; sourceTree = "<group>"; };
		EAEF932420CD0E9F00741DF2 /* ChooseISOViewController.swift */ = {isa = PBXFileReference; lastKnownFileType = sourcecode.swift; path = ChooseISOViewController.swift; sourceTree = "<group>"; };
		EAEF932620CD0EB500741DF2 /* ChooseISOTableViewCell.swift */ = {isa = PBXFileReference; lastKnownFileType = sourcecode.swift; path = ChooseISOTableViewCell.swift; sourceTree = "<group>"; };
		EAFE7F9E20B7DBB300D13EEE /* ConfiguratorTextFieldCell.swift */ = {isa = PBXFileReference; lastKnownFileType = sourcecode.swift; path = ConfiguratorTextFieldCell.swift; sourceTree = "<group>"; };
/* End PBXFileReference section */

/* Begin PBXFrameworksBuildPhase section */
		EA2477C0209F79C800E2A9DA /* Frameworks */ = {
			isa = PBXFrameworksBuildPhase;
			buildActionMask = 2147483647;
			files = (
				0B423F66546F00D4BA9532E9 /* Pods_PhotoTimer.framework in Frameworks */,
			);
			runOnlyForDeploymentPostprocessing = 0;
		};
		EA2477D4209F79CB00E2A9DA /* Frameworks */ = {
			isa = PBXFrameworksBuildPhase;
			buildActionMask = 2147483647;
			files = (
				1CF5EBF6C4CB9ABFF18E92DD /* Pods_PhotoTimerTests.framework in Frameworks */,
			);
			runOnlyForDeploymentPostprocessing = 0;
		};
/* End PBXFrameworksBuildPhase section */

/* Begin PBXGroup section */
		98D8D11315251350E32445F3 /* Pods */ = {
			isa = PBXGroup;
			children = (
				C2F53CEA827FAE009EA1371E /* Pods-PhotoTimer.debug.xcconfig */,
				D5614AD74DF93DB0D3047434 /* Pods-PhotoTimer.release.xcconfig */,
				4FFEFF65F4370F5CA39DE26B /* Pods-PhotoTimerTests.debug.xcconfig */,
				2565D6F814A487B7820584C3 /* Pods-PhotoTimerTests.release.xcconfig */,
			);
			name = Pods;
			sourceTree = "<group>";
		};
		EA1941E120B20A3700DA423F /* Timer */ = {
			isa = PBXGroup;
			children = (
				EA2477E9209F870400E2A9DA /* TimerViewController.swift */,
				EA2FB25120A3012C0058AAA2 /* CircularProgressBar.swift */,
			);
			path = Timer;
			sourceTree = "<group>";
		};
		EA1941E220B20A8800DA423F /* Guide View */ = {
			isa = PBXGroup;
			children = (
				EA2FB27520A4C84E0058AAA2 /* GuideViewController.swift */,
				EA2FB27320A4B0120058AAA2 /* GuideView.swift */,
			);
			path = "Guide View";
			sourceTree = "<group>";
		};
		EA2477BA209F79C800E2A9DA = {
			isa = PBXGroup;
			children = (
				EA2477C5209F79C800E2A9DA /* PhotoTimer */,
				EA2477DA209F79CB00E2A9DA /* PhotoTimerTests */,
				EA2477C4209F79C800E2A9DA /* Products */,
				98D8D11315251350E32445F3 /* Pods */,
				EF8E4859187E033059A299B1 /* Frameworks */,
			);
			sourceTree = "<group>";
		};
		EA2477C4209F79C800E2A9DA /* Products */ = {
			isa = PBXGroup;
			children = (
				EA2477C3209F79C800E2A9DA /* PhotoTimer.app */,
				EA2477D7209F79CB00E2A9DA /* PhotoTimerTests.xctest */,
			);
			name = Products;
			sourceTree = "<group>";
		};
		EA2477C5209F79C800E2A9DA /* PhotoTimer */ = {
			isa = PBXGroup;
			children = (
				EA2477C6209F79C900E2A9DA /* AppDelegate.swift */,
				EA7B679920BAFF4200848617 /* Model */,
				EA1941E120B20A3700DA423F /* Timer */,
				EA76799920B034C9005E4F88 /* Data base */,
				EAEF931720CC23F500741DF2 /* Constructor */,
				EADFBD4120AA166C00EF1924 /* Configurator */,
				EA2477D2209F79CB00E2A9DA /* Info.plist */,
				EA2477E6209F7A9300E2A9DA /* Resourses */,
				EA876F9420D40ED100097EDD /* DBNavigationViewController.swift */,
				EA8A713620E21585005BF40E /* Extensions.swift */,
			);
			path = PhotoTimer;
			sourceTree = "<group>";
		};
		EA2477DA209F79CB00E2A9DA /* PhotoTimerTests */ = {
			isa = PBXGroup;
			children = (
				EA2477DB209F79CB00E2A9DA /* PhotoTimerTests.swift */,
				EA2477DD209F79CB00E2A9DA /* Info.plist */,
			);
			path = PhotoTimerTests;
			sourceTree = "<group>";
		};
		EA2477E6209F7A9300E2A9DA /* Resourses */ = {
			isa = PBXGroup;
			children = (
				EA62044020BDC30B00874123 /* SF Pro */,
				EA2477CD209F79CB00E2A9DA /* Assets.xcassets */,
				EAD24A7720D4E2D200EB6452 /* filmsDatabase.json */,
				EA2477CA209F79C900E2A9DA /* Main.storyboard */,
				EA2477CF209F79CB00E2A9DA /* LaunchScreen.storyboard */,
			);
			path = Resourses;
			sourceTree = "<group>";
		};
		EA62044020BDC30B00874123 /* SF Pro */ = {
			isa = PBXGroup;
			children = (
				EA62044120BDC30B00874123 /* SF-Pro-Display-Thin.otf */,
				EA62044220BDC30B00874123 /* SF-Pro-Display-SemiboldItalic.otf */,
				EA62044320BDC30B00874123 /* SF-Pro-Text-Heavy.otf */,
				EA62044420BDC30B00874123 /* SF-Pro-Display-RegularItalic.otf */,
				EA62044520BDC30B00874123 /* SF-Pro-Display-Light.otf */,
				EA62044620BDC30B00874123 /* SF-Pro-Display-Regular.otf */,
				EA62044720BDC30B00874123 /* SF-Pro-Text-MediumItalic.otf */,
				EA62044820BDC30B00874123 /* SF-Pro-Display-Bold.otf */,
				EA62044920BDC30B00874123 /* SF-Pro-Display-Medium.otf */,
				EA62044A20BDC30B00874123 /* SF-Pro-Display-Heavy.otf */,
				EA62044B20BDC30B00874123 /* SF-Pro-Text-Light.otf */,
				EA62044C20BDC30B00874123 /* SF-Pro-Display-Semibold.otf */,
				EA62044D20BDC30B00874123 /* SF-Pro-Text-Regular.otf */,
				EA62044E20BDC30B00874123 /* SF-Pro-Text-Bold.otf */,
				EA62044F20BDC30B00874123 /* SF-Pro-Display-MediumItalic.otf */,
				EA62045020BDC30B00874123 /* SF-Pro-Display-HeavyItalic.otf */,
				EA62045120BDC30B00874123 /* SF-Pro-Display-Ultralight.otf */,
				EA62045220BDC30B00874123 /* SF-Pro-Display-UltralightItalic.otf */,
				EA62045320BDC30B00874123 /* SF-Pro-Display-LightItalic.otf */,
				EA62045420BDC30B00874123 /* SF-Pro-Display-BlackItalic.otf */,
				EA62045520BDC30B00874123 /* SF-Pro-Display-Black.otf */,
				EA62045620BDC30B00874123 /* SF-Pro-Text-BoldItalic.otf */,
				EA62045720BDC30B00874123 /* SF-Pro-Text-RegularItalic.otf */,
				EA62045820BDC30B00874123 /* SF-Pro-Text-Semibold.otf */,
				EA62045920BDC30B00874123 /* SF-Pro-Text-HeavyItalic.otf */,
				EA62045A20BDC30B00874123 /* SF-Pro-Display-ThinItalic.otf */,
				EA62045B20BDC30B00874123 /* SF-Pro-Text-LightItalic.otf */,
				EA62045C20BDC30B00874123 /* SF-Pro-Text-Medium.otf */,
				EA62045D20BDC30B00874123 /* SF-Pro-Display-BoldItalic.otf */,
				EA62045E20BDC30B00874123 /* SF-Pro-Text-SemiboldItalic.otf */,
			);
			path = "SF Pro";
			sourceTree = "<group>";
		};
		EA76799920B034C9005E4F88 /* Data base */ = {
			isa = PBXGroup;
			children = (
				EA76799520AF8B44005E4F88 /* DataBaseViewController.swift */,
				EA76799720AF8B66005E4F88 /* DataBaseTableViewCell.swift */,
				EAEF931520CAFC4300741DF2 /* DataBaseConstructorCell.swift */,
			);
			path = "Data base";
			sourceTree = "<group>";
		};
		EA7B679920BAFF4200848617 /* Model */ = {
			isa = PBXGroup;
			children = (
				EABBA71A20D692F400AFB6F9 /* TimerConfig */,
				EABBA71320D68D6C00AFB6F9 /* Constructor */,
				EA79BFA520D5B4E20068F6FB /* PTRealmDatabase.swift */,
				EA1941E220B20A8800DA423F /* Guide View */,
			);
			path = Model;
			sourceTree = "<group>";
		};
		EABBA71320D68D6C00AFB6F9 /* Constructor */ = {
			isa = PBXGroup;
			children = (
				EA79BFA320D593BC0068F6FB /* PTLoadFilmsToDB.swift */,
				EABBA71820D68E1400AFB6F9 /* DevProperties.swift */,
				EABBA71620D68DE700AFB6F9 /* Developers.swift */,
				EABBA71420D68D9A00AFB6F9 /* Film.swift */,
			);
			path = Constructor;
			sourceTree = "<group>";
		};
		EABBA71A20D692F400AFB6F9 /* TimerConfig */ = {
			isa = PBXGroup;
			children = (
				EA1941E320B3454400DA423F /* TimerConfig.swift */,
			);
			path = TimerConfig;
			sourceTree = "<group>";
		};
		EADFBD4120AA166C00EF1924 /* Configurator */ = {
			isa = PBXGroup;
			children = (
				EABDE7DC20AB34BB0072489A /* ConfiguratorViewController.swift */,
				EABDE7DE20AB42C80072489A /* ConfiguratorLabelTableViewCell.swift */,
				EAFE7F9E20B7DBB300D13EEE /* ConfiguratorTextFieldCell.swift */,
				EABDE7E020AC64930072489A /* SetTimeViewController.swift */,
				EABDE7E220ACCD0F0072489A /* SetTimeTableViewCell.swift */,
			);
			name = Configurator;
			path = ..;
			sourceTree = "<group>";
		};
		EAEF931720CC23F500741DF2 /* Constructor */ = {
			isa = PBXGroup;
			children = (
				EAEF931C20CC294800741DF2 /* ChooseFilmViewController.swift */,
				EAEF931E20CC29C000741DF2 /* ChooseFilmTableViewCell.swift */,
				EAEF932020CD01A400741DF2 /* ChooseDeveloperViewController.swift */,
				EAEF932220CD01C300741DF2 /* ChooseDeveloperTableViewCell.swift */,
				EAEF932420CD0E9F00741DF2 /* ChooseISOViewController.swift */,
				EAEF932620CD0EB500741DF2 /* ChooseISOTableViewCell.swift */,
			);
			path = Constructor;
			sourceTree = "<group>";
		};
		EF8E4859187E033059A299B1 /* Frameworks */ = {
			isa = PBXGroup;
			children = (
				3D549095A67052CDD655588C /* Pods_PhotoTimer.framework */,
				9DC8BDA351DC560E759C00CF /* Pods_PhotoTimerTests.framework */,
			);
			name = Frameworks;
			sourceTree = "<group>";
		};
/* End PBXGroup section */

/* Begin PBXNativeTarget section */
		EA2477C2209F79C800E2A9DA /* PhotoTimer */ = {
			isa = PBXNativeTarget;
			buildConfigurationList = EA2477E0209F79CB00E2A9DA /* Build configuration list for PBXNativeTarget "PhotoTimer" */;
			buildPhases = (
				161F16A7579D0B3EE91BFB69 /* [CP] Check Pods Manifest.lock */,
				EA2477BF209F79C800E2A9DA /* Sources */,
				EA2477C0209F79C800E2A9DA /* Frameworks */,
				EA2477C1209F79C800E2A9DA /* Resources */,
				7BFAED455346581F7978C2DD /* [CP] Embed Pods Frameworks */,
			);
			buildRules = (
			);
			dependencies = (
			);
			name = PhotoTimer;
			productName = PhotoTimer;
			productReference = EA2477C3209F79C800E2A9DA /* PhotoTimer.app */;
			productType = "com.apple.product-type.application";
		};
		EA2477D6209F79CB00E2A9DA /* PhotoTimerTests */ = {
			isa = PBXNativeTarget;
			buildConfigurationList = EA2477E3209F79CB00E2A9DA /* Build configuration list for PBXNativeTarget "PhotoTimerTests" */;
			buildPhases = (
				2676DEA3DB594AA55E471AA2 /* [CP] Check Pods Manifest.lock */,
				EA2477D3209F79CB00E2A9DA /* Sources */,
				EA2477D4209F79CB00E2A9DA /* Frameworks */,
				EA2477D5209F79CB00E2A9DA /* Resources */,
			);
			buildRules = (
			);
			dependencies = (
				EA2477D9209F79CB00E2A9DA /* PBXTargetDependency */,
			);
			name = PhotoTimerTests;
			productName = PhotoTimerTests;
			productReference = EA2477D7209F79CB00E2A9DA /* PhotoTimerTests.xctest */;
			productType = "com.apple.product-type.bundle.unit-test";
		};
/* End PBXNativeTarget section */

/* Begin PBXProject section */
		EA2477BB209F79C800E2A9DA /* Project object */ = {
			isa = PBXProject;
			attributes = {
				LastSwiftUpdateCheck = 0930;
				LastUpgradeCheck = 0930;
				ORGANIZATIONNAME = EVT;
				TargetAttributes = {
					EA2477C2209F79C800E2A9DA = {
						CreatedOnToolsVersion = 9.3;
					};
					EA2477D6209F79CB00E2A9DA = {
						CreatedOnToolsVersion = 9.3;
						TestTargetID = EA2477C2209F79C800E2A9DA;
					};
				};
			};
			buildConfigurationList = EA2477BE209F79C800E2A9DA /* Build configuration list for PBXProject "PhotoTimer" */;
			compatibilityVersion = "Xcode 9.3";
			developmentRegion = en;
			hasScannedForEncodings = 0;
			knownRegions = (
				en,
				Base,
			);
			mainGroup = EA2477BA209F79C800E2A9DA;
			productRefGroup = EA2477C4209F79C800E2A9DA /* Products */;
			projectDirPath = "";
			projectRoot = "";
			targets = (
				EA2477C2209F79C800E2A9DA /* PhotoTimer */,
				EA2477D6209F79CB00E2A9DA /* PhotoTimerTests */,
			);
		};
/* End PBXProject section */

/* Begin PBXResourcesBuildPhase section */
		EA2477C1209F79C800E2A9DA /* Resources */ = {
			isa = PBXResourcesBuildPhase;
			buildActionMask = 2147483647;
			files = (
				EA62047020BDC30B00874123 /* SF-Pro-Display-UltralightItalic.otf in Resources */,
				EA62046720BDC30B00874123 /* SF-Pro-Display-Medium.otf in Resources */,
				EA62047520BDC30B00874123 /* SF-Pro-Text-RegularItalic.otf in Resources */,
				EA62046520BDC30B00874123 /* SF-Pro-Text-MediumItalic.otf in Resources */,
				EA62047420BDC30B00874123 /* SF-Pro-Text-BoldItalic.otf in Resources */,
				EA62045F20BDC30B00874123 /* SF-Pro-Display-Thin.otf in Resources */,
				EA62047620BDC30B00874123 /* SF-Pro-Text-Semibold.otf in Resources */,
				EA62046120BDC30B00874123 /* SF-Pro-Text-Heavy.otf in Resources */,
				EA62046E20BDC30B00874123 /* SF-Pro-Display-HeavyItalic.otf in Resources */,
				EA62046D20BDC30B00874123 /* SF-Pro-Display-MediumItalic.otf in Resources */,
				EA62047920BDC30B00874123 /* SF-Pro-Text-LightItalic.otf in Resources */,
				EA62046220BDC30B00874123 /* SF-Pro-Display-RegularItalic.otf in Resources */,
				EA62047720BDC30B00874123 /* SF-Pro-Text-HeavyItalic.otf in Resources */,
				EA62047A20BDC30B00874123 /* SF-Pro-Text-Medium.otf in Resources */,
				EA62047120BDC30B00874123 /* SF-Pro-Display-LightItalic.otf in Resources */,
				EA62047220BDC30B00874123 /* SF-Pro-Display-BlackItalic.otf in Resources */,
				EA62046F20BDC30B00874123 /* SF-Pro-Display-Ultralight.otf in Resources */,
				EA62047320BDC30B00874123 /* SF-Pro-Display-Black.otf in Resources */,
				EA62047B20BDC30B00874123 /* SF-Pro-Display-BoldItalic.otf in Resources */,
				EAD24A7820D4E2D200EB6452 /* filmsDatabase.json in Resources */,
				EA62047C20BDC30B00874123 /* SF-Pro-Text-SemiboldItalic.otf in Resources */,
				EA2477D1209F79CB00E2A9DA /* LaunchScreen.storyboard in Resources */,
				EA62046B20BDC30B00874123 /* SF-Pro-Text-Regular.otf in Resources */,
				EA2477CE209F79CB00E2A9DA /* Assets.xcassets in Resources */,
				EA62046820BDC30B00874123 /* SF-Pro-Display-Heavy.otf in Resources */,
				EA62046C20BDC30B00874123 /* SF-Pro-Text-Bold.otf in Resources */,
				EA2477CC209F79C900E2A9DA /* Main.storyboard in Resources */,
				EA62046320BDC30B00874123 /* SF-Pro-Display-Light.otf in Resources */,
				EA62046420BDC30B00874123 /* SF-Pro-Display-Regular.otf in Resources */,
				EA62046020BDC30B00874123 /* SF-Pro-Display-SemiboldItalic.otf in Resources */,
				EA62046A20BDC30B00874123 /* SF-Pro-Display-Semibold.otf in Resources */,
				EA62046920BDC30B00874123 /* SF-Pro-Text-Light.otf in Resources */,
				EA62047820BDC30B00874123 /* SF-Pro-Display-ThinItalic.otf in Resources */,
				EA62046620BDC30B00874123 /* SF-Pro-Display-Bold.otf in Resources */,
			);
			runOnlyForDeploymentPostprocessing = 0;
		};
		EA2477D5209F79CB00E2A9DA /* Resources */ = {
			isa = PBXResourcesBuildPhase;
			buildActionMask = 2147483647;
			files = (
			);
			runOnlyForDeploymentPostprocessing = 0;
		};
/* End PBXResourcesBuildPhase section */

/* Begin PBXShellScriptBuildPhase section */
		161F16A7579D0B3EE91BFB69 /* [CP] Check Pods Manifest.lock */ = {
			isa = PBXShellScriptBuildPhase;
			buildActionMask = 2147483647;
			files = (
			);
			inputPaths = (
				"${PODS_PODFILE_DIR_PATH}/Podfile.lock",
				"${PODS_ROOT}/Manifest.lock",
			);
			name = "[CP] Check Pods Manifest.lock";
			outputPaths = (
				"$(DERIVED_FILE_DIR)/Pods-PhotoTimer-checkManifestLockResult.txt",
			);
			runOnlyForDeploymentPostprocessing = 0;
			shellPath = /bin/sh;
			shellScript = "diff \"${PODS_PODFILE_DIR_PATH}/Podfile.lock\" \"${PODS_ROOT}/Manifest.lock\" > /dev/null\nif [ $? != 0 ] ; then\n    # print error to STDERR\n    echo \"error: The sandbox is not in sync with the Podfile.lock. Run 'pod install' or update your CocoaPods installation.\" >&2\n    exit 1\nfi\n# This output is used by Xcode 'outputs' to avoid re-running this script phase.\necho \"SUCCESS\" > \"${SCRIPT_OUTPUT_FILE_0}\"\n";
			showEnvVarsInLog = 0;
		};
		2676DEA3DB594AA55E471AA2 /* [CP] Check Pods Manifest.lock */ = {
			isa = PBXShellScriptBuildPhase;
			buildActionMask = 2147483647;
			files = (
			);
			inputPaths = (
				"${PODS_PODFILE_DIR_PATH}/Podfile.lock",
				"${PODS_ROOT}/Manifest.lock",
			);
			name = "[CP] Check Pods Manifest.lock";
			outputPaths = (
				"$(DERIVED_FILE_DIR)/Pods-PhotoTimerTests-checkManifestLockResult.txt",
			);
			runOnlyForDeploymentPostprocessing = 0;
			shellPath = /bin/sh;
			shellScript = "diff \"${PODS_PODFILE_DIR_PATH}/Podfile.lock\" \"${PODS_ROOT}/Manifest.lock\" > /dev/null\nif [ $? != 0 ] ; then\n    # print error to STDERR\n    echo \"error: The sandbox is not in sync with the Podfile.lock. Run 'pod install' or update your CocoaPods installation.\" >&2\n    exit 1\nfi\n# This output is used by Xcode 'outputs' to avoid re-running this script phase.\necho \"SUCCESS\" > \"${SCRIPT_OUTPUT_FILE_0}\"\n";
			showEnvVarsInLog = 0;
		};
		7BFAED455346581F7978C2DD /* [CP] Embed Pods Frameworks */ = {
			isa = PBXShellScriptBuildPhase;
			buildActionMask = 2147483647;
			files = (
			);
			inputPaths = (
				"${SRCROOT}/Pods/Target Support Files/Pods-PhotoTimer/Pods-PhotoTimer-frameworks.sh",
				"${BUILT_PRODUCTS_DIR}/Alamofire/Alamofire.framework",
				"${BUILT_PRODUCTS_DIR}/Realm/Realm.framework",
				"${BUILT_PRODUCTS_DIR}/RealmSwift/RealmSwift.framework",
				"${BUILT_PRODUCTS_DIR}/SwipeCellKit/SwipeCellKit.framework",
			);
			name = "[CP] Embed Pods Frameworks";
			outputPaths = (
				"${TARGET_BUILD_DIR}/${FRAMEWORKS_FOLDER_PATH}/Alamofire.framework",
				"${TARGET_BUILD_DIR}/${FRAMEWORKS_FOLDER_PATH}/Realm.framework",
				"${TARGET_BUILD_DIR}/${FRAMEWORKS_FOLDER_PATH}/RealmSwift.framework",
				"${TARGET_BUILD_DIR}/${FRAMEWORKS_FOLDER_PATH}/SwipeCellKit.framework",
			);
			runOnlyForDeploymentPostprocessing = 0;
			shellPath = /bin/sh;
			shellScript = "\"${SRCROOT}/Pods/Target Support Files/Pods-PhotoTimer/Pods-PhotoTimer-frameworks.sh\"\n";
			showEnvVarsInLog = 0;
		};
/* End PBXShellScriptBuildPhase section */

/* Begin PBXSourcesBuildPhase section */
		EA2477BF209F79C800E2A9DA /* Sources */ = {
			isa = PBXSourcesBuildPhase;
			buildActionMask = 2147483647;
			files = (
				EAEF931F20CC29C000741DF2 /* ChooseFilmTableViewCell.swift in Sources */,
				EA8A713720E21585005BF40E /* Extensions.swift in Sources */,
				EABDE7DF20AB42C80072489A /* ConfiguratorLabelTableViewCell.swift in Sources */,
				EA2477EA209F870400E2A9DA /* TimerViewController.swift in Sources */,
				EABBA71520D68D9A00AFB6F9 /* Film.swift in Sources */,
				EA79BFA420D593BC0068F6FB /* PTLoadFilmsToDB.swift in Sources */,
				EAEF932120CD01A400741DF2 /* ChooseDeveloperViewController.swift in Sources */,
				EAEF931D20CC294800741DF2 /* ChooseFilmViewController.swift in Sources */,
				EAEF931620CAFC4300741DF2 /* DataBaseConstructorCell.swift in Sources */,
				EAFE7F9F20B7DBB300D13EEE /* ConfiguratorTextFieldCell.swift in Sources */,
				EA76799620AF8B44005E4F88 /* DataBaseViewController.swift in Sources */,
				EAEF932520CD0E9F00741DF2 /* ChooseISOViewController.swift in Sources */,
				EABDE7E320ACCD0F0072489A /* SetTimeTableViewCell.swift in Sources */,
				EABBA71720D68DE700AFB6F9 /* Developers.swift in Sources */,
				EABBA71920D68E1400AFB6F9 /* DevProperties.swift in Sources */,
				EA2FB27420A4B0120058AAA2 /* GuideView.swift in Sources */,
				EA2FB27620A4C84E0058AAA2 /* GuideViewController.swift in Sources */,
				EA1941E420B3454400DA423F /* TimerConfig.swift in Sources */,
				EA2477C7209F79C900E2A9DA /* AppDelegate.swift in Sources */,
				EA2FB25220A3012C0058AAA2 /* CircularProgressBar.swift in Sources */,
				EAEF932320CD01C300741DF2 /* ChooseDeveloperTableViewCell.swift in Sources */,
				EABDE7E120AC64930072489A /* SetTimeViewController.swift in Sources */,
				EA79BFA620D5B4E20068F6FB /* PTRealmDatabase.swift in Sources */,
				EAEF932720CD0EB500741DF2 /* ChooseISOTableViewCell.swift in Sources */,
				EA76799820AF8B66005E4F88 /* DataBaseTableViewCell.swift in Sources */,
				EABDE7DD20AB34BB0072489A /* ConfiguratorViewController.swift in Sources */,
				EA876F9520D40ED100097EDD /* DBNavigationViewController.swift in Sources */,
			);
			runOnlyForDeploymentPostprocessing = 0;
		};
		EA2477D3209F79CB00E2A9DA /* Sources */ = {
			isa = PBXSourcesBuildPhase;
			buildActionMask = 2147483647;
			files = (
				EA2477DC209F79CB00E2A9DA /* PhotoTimerTests.swift in Sources */,
			);
			runOnlyForDeploymentPostprocessing = 0;
		};
/* End PBXSourcesBuildPhase section */

/* Begin PBXTargetDependency section */
		EA2477D9209F79CB00E2A9DA /* PBXTargetDependency */ = {
			isa = PBXTargetDependency;
			target = EA2477C2209F79C800E2A9DA /* PhotoTimer */;
			targetProxy = EA2477D8209F79CB00E2A9DA /* PBXContainerItemProxy */;
		};
/* End PBXTargetDependency section */

/* Begin PBXVariantGroup section */
		EA2477CA209F79C900E2A9DA /* Main.storyboard */ = {
			isa = PBXVariantGroup;
			children = (
				EA2477CB209F79C900E2A9DA /* Base */,
			);
			name = Main.storyboard;
			sourceTree = "<group>";
		};
		EA2477CF209F79CB00E2A9DA /* LaunchScreen.storyboard */ = {
			isa = PBXVariantGroup;
			children = (
				EA2477D0209F79CB00E2A9DA /* Base */,
			);
			name = LaunchScreen.storyboard;
			sourceTree = "<group>";
		};
/* End PBXVariantGroup section */

/* Begin XCBuildConfiguration section */
		EA2477DE209F79CB00E2A9DA /* Debug */ = {
			isa = XCBuildConfiguration;
			buildSettings = {
				ALWAYS_SEARCH_USER_PATHS = NO;
				CLANG_ANALYZER_NONNULL = YES;
				CLANG_ANALYZER_NUMBER_OBJECT_CONVERSION = YES_AGGRESSIVE;
				CLANG_CXX_LANGUAGE_STANDARD = "gnu++14";
				CLANG_CXX_LIBRARY = "libc++";
				CLANG_ENABLE_MODULES = YES;
				CLANG_ENABLE_OBJC_ARC = YES;
				CLANG_ENABLE_OBJC_WEAK = YES;
				CLANG_WARN_BLOCK_CAPTURE_AUTORELEASING = YES;
				CLANG_WARN_BOOL_CONVERSION = YES;
				CLANG_WARN_COMMA = YES;
				CLANG_WARN_CONSTANT_CONVERSION = YES;
				CLANG_WARN_DEPRECATED_OBJC_IMPLEMENTATIONS = YES;
				CLANG_WARN_DIRECT_OBJC_ISA_USAGE = YES_ERROR;
				CLANG_WARN_DOCUMENTATION_COMMENTS = YES;
				CLANG_WARN_EMPTY_BODY = YES;
				CLANG_WARN_ENUM_CONVERSION = YES;
				CLANG_WARN_INFINITE_RECURSION = YES;
				CLANG_WARN_INT_CONVERSION = YES;
				CLANG_WARN_NON_LITERAL_NULL_CONVERSION = YES;
				CLANG_WARN_OBJC_IMPLICIT_RETAIN_SELF = YES;
				CLANG_WARN_OBJC_LITERAL_CONVERSION = YES;
				CLANG_WARN_OBJC_ROOT_CLASS = YES_ERROR;
				CLANG_WARN_RANGE_LOOP_ANALYSIS = YES;
				CLANG_WARN_STRICT_PROTOTYPES = YES;
				CLANG_WARN_SUSPICIOUS_MOVE = YES;
				CLANG_WARN_UNGUARDED_AVAILABILITY = YES_AGGRESSIVE;
				CLANG_WARN_UNREACHABLE_CODE = YES;
				CLANG_WARN__DUPLICATE_METHOD_MATCH = YES;
				CODE_SIGN_IDENTITY = "iPhone Developer";
				COPY_PHASE_STRIP = NO;
				DEBUG_INFORMATION_FORMAT = dwarf;
				ENABLE_STRICT_OBJC_MSGSEND = YES;
				ENABLE_TESTABILITY = YES;
				GCC_C_LANGUAGE_STANDARD = gnu11;
				GCC_DYNAMIC_NO_PIC = NO;
				GCC_NO_COMMON_BLOCKS = YES;
				GCC_OPTIMIZATION_LEVEL = 0;
				GCC_PREPROCESSOR_DEFINITIONS = (
					"DEBUG=1",
					"$(inherited)",
				);
				GCC_WARN_64_TO_32_BIT_CONVERSION = YES;
				GCC_WARN_ABOUT_RETURN_TYPE = YES_ERROR;
				GCC_WARN_UNDECLARED_SELECTOR = YES;
				GCC_WARN_UNINITIALIZED_AUTOS = YES_AGGRESSIVE;
				GCC_WARN_UNUSED_FUNCTION = YES;
				GCC_WARN_UNUSED_VARIABLE = YES;
				IPHONEOS_DEPLOYMENT_TARGET = 11.3;
				MTL_ENABLE_DEBUG_INFO = YES;
				ONLY_ACTIVE_ARCH = YES;
				SDKROOT = iphoneos;
				SWIFT_ACTIVE_COMPILATION_CONDITIONS = DEBUG;
				SWIFT_OPTIMIZATION_LEVEL = "-Onone";
			};
			name = Debug;
		};
		EA2477DF209F79CB00E2A9DA /* Release */ = {
			isa = XCBuildConfiguration;
			buildSettings = {
				ALWAYS_SEARCH_USER_PATHS = NO;
				CLANG_ANALYZER_NONNULL = YES;
				CLANG_ANALYZER_NUMBER_OBJECT_CONVERSION = YES_AGGRESSIVE;
				CLANG_CXX_LANGUAGE_STANDARD = "gnu++14";
				CLANG_CXX_LIBRARY = "libc++";
				CLANG_ENABLE_MODULES = YES;
				CLANG_ENABLE_OBJC_ARC = YES;
				CLANG_ENABLE_OBJC_WEAK = YES;
				CLANG_WARN_BLOCK_CAPTURE_AUTORELEASING = YES;
				CLANG_WARN_BOOL_CONVERSION = YES;
				CLANG_WARN_COMMA = YES;
				CLANG_WARN_CONSTANT_CONVERSION = YES;
				CLANG_WARN_DEPRECATED_OBJC_IMPLEMENTATIONS = YES;
				CLANG_WARN_DIRECT_OBJC_ISA_USAGE = YES_ERROR;
				CLANG_WARN_DOCUMENTATION_COMMENTS = YES;
				CLANG_WARN_EMPTY_BODY = YES;
				CLANG_WARN_ENUM_CONVERSION = YES;
				CLANG_WARN_INFINITE_RECURSION = YES;
				CLANG_WARN_INT_CONVERSION = YES;
				CLANG_WARN_NON_LITERAL_NULL_CONVERSION = YES;
				CLANG_WARN_OBJC_IMPLICIT_RETAIN_SELF = YES;
				CLANG_WARN_OBJC_LITERAL_CONVERSION = YES;
				CLANG_WARN_OBJC_ROOT_CLASS = YES_ERROR;
				CLANG_WARN_RANGE_LOOP_ANALYSIS = YES;
				CLANG_WARN_STRICT_PROTOTYPES = YES;
				CLANG_WARN_SUSPICIOUS_MOVE = YES;
				CLANG_WARN_UNGUARDED_AVAILABILITY = YES_AGGRESSIVE;
				CLANG_WARN_UNREACHABLE_CODE = YES;
				CLANG_WARN__DUPLICATE_METHOD_MATCH = YES;
				CODE_SIGN_IDENTITY = "iPhone Developer";
				COPY_PHASE_STRIP = NO;
				DEBUG_INFORMATION_FORMAT = "dwarf-with-dsym";
				ENABLE_NS_ASSERTIONS = NO;
				ENABLE_STRICT_OBJC_MSGSEND = YES;
				GCC_C_LANGUAGE_STANDARD = gnu11;
				GCC_NO_COMMON_BLOCKS = YES;
				GCC_WARN_64_TO_32_BIT_CONVERSION = YES;
				GCC_WARN_ABOUT_RETURN_TYPE = YES_ERROR;
				GCC_WARN_UNDECLARED_SELECTOR = YES;
				GCC_WARN_UNINITIALIZED_AUTOS = YES_AGGRESSIVE;
				GCC_WARN_UNUSED_FUNCTION = YES;
				GCC_WARN_UNUSED_VARIABLE = YES;
				IPHONEOS_DEPLOYMENT_TARGET = 11.3;
				MTL_ENABLE_DEBUG_INFO = NO;
				SDKROOT = iphoneos;
				SWIFT_COMPILATION_MODE = wholemodule;
				SWIFT_OPTIMIZATION_LEVEL = "-O";
				VALIDATE_PRODUCT = YES;
			};
			name = Release;
		};
		EA2477E1209F79CB00E2A9DA /* Debug */ = {
			isa = XCBuildConfiguration;
			baseConfigurationReference = C2F53CEA827FAE009EA1371E /* Pods-PhotoTimer.debug.xcconfig */;
			buildSettings = {
				ASSETCATALOG_COMPILER_APPICON_NAME = AppIcon;
				CODE_SIGN_STYLE = Automatic;
				DEVELOPMENT_TEAM = P436XD9267;
				INFOPLIST_FILE = PhotoTimer/Info.plist;
				LD_RUNPATH_SEARCH_PATHS = (
					"$(inherited)",
					"@executable_path/Frameworks",
				);
				PRODUCT_BUNDLE_IDENTIFIER = ru.EVT.PhotoTimer;
				PRODUCT_NAME = "$(TARGET_NAME)";
				SWIFT_VERSION = 4.0;
				TARGETED_DEVICE_FAMILY = "1,2";
			};
			name = Debug;
		};
		EA2477E2209F79CB00E2A9DA /* Release */ = {
			isa = XCBuildConfiguration;
			baseConfigurationReference = D5614AD74DF93DB0D3047434 /* Pods-PhotoTimer.release.xcconfig */;
			buildSettings = {
				ASSETCATALOG_COMPILER_APPICON_NAME = AppIcon;
				CODE_SIGN_STYLE = Automatic;
				DEVELOPMENT_TEAM = P436XD9267;
				INFOPLIST_FILE = PhotoTimer/Info.plist;
				LD_RUNPATH_SEARCH_PATHS = (
					"$(inherited)",
					"@executable_path/Frameworks",
				);
				PRODUCT_BUNDLE_IDENTIFIER = ru.EVT.PhotoTimer;
				PRODUCT_NAME = "$(TARGET_NAME)";
				SWIFT_VERSION = 4.0;
				TARGETED_DEVICE_FAMILY = "1,2";
			};
			name = Release;
		};
		EA2477E4209F79CB00E2A9DA /* Debug */ = {
			isa = XCBuildConfiguration;
			baseConfigurationReference = 4FFEFF65F4370F5CA39DE26B /* Pods-PhotoTimerTests.debug.xcconfig */;
			buildSettings = {
				ALWAYS_EMBED_SWIFT_STANDARD_LIBRARIES = YES;
				BUNDLE_LOADER = "$(TEST_HOST)";
				CODE_SIGN_STYLE = Automatic;
				DEVELOPMENT_TEAM = P436XD9267;
				INFOPLIST_FILE = PhotoTimerTests/Info.plist;
				LD_RUNPATH_SEARCH_PATHS = (
					"$(inherited)",
					"@executable_path/Frameworks",
					"@loader_path/Frameworks",
				);
				PRODUCT_BUNDLE_IDENTIFIER = ru.EVT.PhotoTimerTests;
				PRODUCT_NAME = "$(TARGET_NAME)";
				SWIFT_VERSION = 4.0;
				TARGETED_DEVICE_FAMILY = "1,2";
				TEST_HOST = "$(BUILT_PRODUCTS_DIR)/PhotoTimer.app/PhotoTimer";
			};
			name = Debug;
		};
		EA2477E5209F79CB00E2A9DA /* Release */ = {
			isa = XCBuildConfiguration;
			baseConfigurationReference = 2565D6F814A487B7820584C3 /* Pods-PhotoTimerTests.release.xcconfig */;
			buildSettings = {
				ALWAYS_EMBED_SWIFT_STANDARD_LIBRARIES = YES;
				BUNDLE_LOADER = "$(TEST_HOST)";
				CODE_SIGN_STYLE = Automatic;
				DEVELOPMENT_TEAM = P436XD9267;
				INFOPLIST_FILE = PhotoTimerTests/Info.plist;
				LD_RUNPATH_SEARCH_PATHS = (
					"$(inherited)",
					"@executable_path/Frameworks",
					"@loader_path/Frameworks",
				);
				PRODUCT_BUNDLE_IDENTIFIER = ru.EVT.PhotoTimerTests;
				PRODUCT_NAME = "$(TARGET_NAME)";
				SWIFT_VERSION = 4.0;
				TARGETED_DEVICE_FAMILY = "1,2";
				TEST_HOST = "$(BUILT_PRODUCTS_DIR)/PhotoTimer.app/PhotoTimer";
			};
			name = Release;
		};
/* End XCBuildConfiguration section */

/* Begin XCConfigurationList section */
		EA2477BE209F79C800E2A9DA /* Build configuration list for PBXProject "PhotoTimer" */ = {
			isa = XCConfigurationList;
			buildConfigurations = (
				EA2477DE209F79CB00E2A9DA /* Debug */,
				EA2477DF209F79CB00E2A9DA /* Release */,
			);
			defaultConfigurationIsVisible = 0;
			defaultConfigurationName = Release;
		};
		EA2477E0209F79CB00E2A9DA /* Build configuration list for PBXNativeTarget "PhotoTimer" */ = {
			isa = XCConfigurationList;
			buildConfigurations = (
				EA2477E1209F79CB00E2A9DA /* Debug */,
				EA2477E2209F79CB00E2A9DA /* Release */,
			);
			defaultConfigurationIsVisible = 0;
			defaultConfigurationName = Release;
		};
		EA2477E3209F79CB00E2A9DA /* Build configuration list for PBXNativeTarget "PhotoTimerTests" */ = {
			isa = XCConfigurationList;
			buildConfigurations = (
				EA2477E4209F79CB00E2A9DA /* Debug */,
				EA2477E5209F79CB00E2A9DA /* Release */,
			);
			defaultConfigurationIsVisible = 0;
			defaultConfigurationName = Release;
		};
/* End XCConfigurationList section */
	};
	rootObject = EA2477BB209F79C800E2A9DA /* Project object */;
}
